
Microsoft Visual Studio Solution File, Format Version 12.00
# Visual Studio Version 16
VisualStudioVersion = 16.0.31729.503
MinimumVisualStudioVersion = 10.0.40219.1
Project("{9A19103F-16F7-4668-BE54-9A1E7A4F7556}") = "MapBuilder", "MapBuilder\MapBuilder.csproj", "{B0837F36-DD8E-42A8-B243-C687F284C3A8}"
EndProject
Project("{9A19103F-16F7-4668-BE54-9A1E7A4F7556}") = "MapBuilder.Tests", "MapBuilder.Tests\MapBuilder.Tests.csproj", "{05C12E09-0713-4BC0-827D-4B21B57F4B48}"
EndProject
Project("{2150E333-8FDC-42A3-9474-1A3956D46DE8}") = "Solution Items", "Solution Items", "{95528788-5607-4C08-B91B-0719911727C5}"
	ProjectSection(SolutionItems) = preProject
		.gitignore = .gitignore
	EndProjectSection
EndProject
Global
	GlobalSection(SolutionConfigurationPlatforms) = preSolution
		Debug|Any CPU = Debug|Any CPU
		Release|Any CPU = Release|Any CPU
	EndGlobalSection
	GlobalSection(ProjectConfigurationPlatforms) = postSolution
		{B0837F36-DD8E-42A8-B243-C687F284C3A8}.Debug|Any CPU.ActiveCfg = Debug|Any CPU
		{B0837F36-DD8E-42A8-B243-C687F284C3A8}.Debug|Any CPU.Build.0 = Debug|Any CPU
		{B0837F36-DD8E-42A8-B243-C687F284C3A8}.Release|Any CPU.ActiveCfg = Release|Any CPU
		{B0837F36-DD8E-42A8-B243-C687F284C3A8}.Release|Any CPU.Build.0 = Release|Any CPU
		{05C12E09-0713-4BC0-827D-4B21B57F4B48}.Debug|Any CPU.ActiveCfg = Debug|Any CPU
		{05C12E09-0713-4BC0-827D-4B21B57F4B48}.Debug|Any CPU.Build.0 = Debug|Any CPU
		{05C12E09-0713-4BC0-827D-4B21B57F4B48}.Release|Any CPU.ActiveCfg = Release|Any CPU
		{05C12E09-0713-4BC0-827D-4B21B57F4B48}.Release|Any CPU.Build.0 = Release|Any CPU
	EndGlobalSection
	GlobalSection(SolutionProperties) = preSolution
		HideSolutionNode = FALSE
	EndGlobalSection
	GlobalSection(ExtensibilityGlobals) = postSolution
		SolutionGuid = {F6D80454-58E8-453A-BA20-E301D2698C91}
	EndGlobalSection
EndGlobal
